
Microsoft Visual Studio Solution File, Format Version 12.00
# Visual Studio Version 16
VisualStudioVersion = 16.0.30523.141
MinimumVisualStudioVersion = 10.0.40219.1
Project("{9A19103F-16F7-4668-BE54-9A1E7A4F7556}") = "HeThongQuanLyCongTacKhaoThi.WebApp", "HeThongQuanLyCongTacKhaoThi\HeThongQuanLyCongTacKhaoThi.WebApp.csproj", "{F4DF8FB6-167E-435A-921A-F2378F178BDC}"
EndProject
Project("{9A19103F-16F7-4668-BE54-9A1E7A4F7556}") = "HeThongQuanLyCongTacKhaoThi.Data", "HeThongQuanLyCongTacKhaoThi.Data\HeThongQuanLyCongTacKhaoThi.Data.csproj", "{F463C6E4-8351-4AA8-8492-1F5B56B1B67B}"
EndProject
Project("{9A19103F-16F7-4668-BE54-9A1E7A4F7556}") = "HeThongQuanLyCongTacKhaoThi.Application", "HeThongQuanLyCongTacKhaoThi.Application\HeThongQuanLyCongTacKhaoThi.Application.csproj", "{5A7D8374-C61C-45B3-ACDC-9500C694DAC9}"
EndProject
Project("{FAE04EC0-301F-11D3-BF4B-00C04F79EFBC}") = "HeThongQuanLyCongTacKhaoThi.ViewModels", "HeThongQuanLyCongTacKhaoThi.ViewModels\HeThongQuanLyCongTacKhaoThi.ViewModels.csproj", "{54A73D2C-2B28-411D-A1F3-593628FE3FA5}"
EndProject
Project("{FAE04EC0-301F-11D3-BF4B-00C04F79EFBC}") = "HeThongQuanLyCongTacKhaoThi.BackendAPI", "HeThongQuanLyCongTacKhaoThi.BackendAPI\HeThongQuanLyCongTacKhaoThi.BackendAPI.csproj", "{6C33B518-A3D8-47D3-93F3-7A7B1488A6C5}"
EndProject
Project("{FAE04EC0-301F-11D3-BF4B-00C04F79EFBC}") = "HeThongQuanLyCongTacKhaoThi.Utilities", "HeThongQuanLyCongTacKhaoThi.Utilities\HeThongQuanLyCongTacKhaoThi.Utilities.csproj", "{2D03201D-F367-4DAD-8560-6FCAFDA2DECF}"
EndProject
Global
	GlobalSection(SolutionConfigurationPlatforms) = preSolution
		Debug|Any CPU = Debug|Any CPU
		Release|Any CPU = Release|Any CPU
	EndGlobalSection
	GlobalSection(ProjectConfigurationPlatforms) = postSolution
		{F4DF8FB6-167E-435A-921A-F2378F178BDC}.Debug|Any CPU.ActiveCfg = Debug|Any CPU
		{F4DF8FB6-167E-435A-921A-F2378F178BDC}.Debug|Any CPU.Build.0 = Debug|Any CPU
		{F4DF8FB6-167E-435A-921A-F2378F178BDC}.Release|Any CPU.ActiveCfg = Release|Any CPU
		{F4DF8FB6-167E-435A-921A-F2378F178BDC}.Release|Any CPU.Build.0 = Release|Any CPU
		{F463C6E4-8351-4AA8-8492-1F5B56B1B67B}.Debug|Any CPU.ActiveCfg = Debug|Any CPU
		{F463C6E4-8351-4AA8-8492-1F5B56B1B67B}.Debug|Any CPU.Build.0 = Debug|Any CPU
		{F463C6E4-8351-4AA8-8492-1F5B56B1B67B}.Release|Any CPU.ActiveCfg = Release|Any CPU
		{F463C6E4-8351-4AA8-8492-1F5B56B1B67B}.Release|Any CPU.Build.0 = Release|Any CPU
		{5A7D8374-C61C-45B3-ACDC-9500C694DAC9}.Debug|Any CPU.ActiveCfg = Debug|Any CPU
		{5A7D8374-C61C-45B3-ACDC-9500C694DAC9}.Debug|Any CPU.Build.0 = Debug|Any CPU
		{5A7D8374-C61C-45B3-ACDC-9500C694DAC9}.Release|Any CPU.ActiveCfg = Release|Any CPU
		{5A7D8374-C61C-45B3-ACDC-9500C694DAC9}.Release|Any CPU.Build.0 = Release|Any CPU
		{54A73D2C-2B28-411D-A1F3-593628FE3FA5}.Debug|Any CPU.ActiveCfg = Debug|Any CPU
		{54A73D2C-2B28-411D-A1F3-593628FE3FA5}.Debug|Any CPU.Build.0 = Debug|Any CPU
		{54A73D2C-2B28-411D-A1F3-593628FE3FA5}.Release|Any CPU.ActiveCfg = Release|Any CPU
		{54A73D2C-2B28-411D-A1F3-593628FE3FA5}.Release|Any CPU.Build.0 = Release|Any CPU
		{6C33B518-A3D8-47D3-93F3-7A7B1488A6C5}.Debug|Any CPU.ActiveCfg = Debug|Any CPU
		{6C33B518-A3D8-47D3-93F3-7A7B1488A6C5}.Debug|Any CPU.Build.0 = Debug|Any CPU
		{6C33B518-A3D8-47D3-93F3-7A7B1488A6C5}.Release|Any CPU.ActiveCfg = Release|Any CPU
		{6C33B518-A3D8-47D3-93F3-7A7B1488A6C5}.Release|Any CPU.Build.0 = Release|Any CPU
		{2D03201D-F367-4DAD-8560-6FCAFDA2DECF}.Debug|Any CPU.ActiveCfg = Debug|Any CPU
		{2D03201D-F367-4DAD-8560-6FCAFDA2DECF}.Debug|Any CPU.Build.0 = Debug|Any CPU
		{2D03201D-F367-4DAD-8560-6FCAFDA2DECF}.Release|Any CPU.ActiveCfg = Release|Any CPU
		{2D03201D-F367-4DAD-8560-6FCAFDA2DECF}.Release|Any CPU.Build.0 = Release|Any CPU
	EndGlobalSection
	GlobalSection(SolutionProperties) = preSolution
		HideSolutionNode = FALSE
	EndGlobalSection
	GlobalSection(ExtensibilityGlobals) = postSolution
		SolutionGuid = {8436CEF2-F018-4EC6-8644-4DD75822E80C}
	EndGlobalSection
EndGlobal
